// !$*UTF8*$!
{
	archiveVersion = 1;
	classes = {
	};
	objectVersion = 46;
	objects = {

/* Begin PBXBuildFile section */
		19E05D1019043FB0005275DD /* Foundation.framework in Frameworks */ = {isa = PBXBuildFile; fileRef = 19E05D0F19043FB0005275DD /* Foundation.framework */; };
		19E05D1219043FB0005275DD /* CoreGraphics.framework in Frameworks */ = {isa = PBXBuildFile; fileRef = 19E05D1119043FB0005275DD /* CoreGraphics.framework */; };
		19E05D1419043FB0005275DD /* UIKit.framework in Frameworks */ = {isa = PBXBuildFile; fileRef = 19E05D1319043FB0005275DD /* UIKit.framework */; };
		19E05D1A19043FB0005275DD /* InfoPlist.strings in Resources */ = {isa = PBXBuildFile; fileRef = 19E05D1819043FB0005275DD /* InfoPlist.strings */; };
		19E05D1C19043FB0005275DD /* main.m in Sources */ = {isa = PBXBuildFile; fileRef = 19E05D1B19043FB0005275DD /* main.m */; };
		19E05D2019043FB0005275DD /* PBAppDelegate.m in Sources */ = {isa = PBXBuildFile; fileRef = 19E05D1F19043FB0005275DD /* PBAppDelegate.m */; };
		19E05D2319043FB0005275DD /* Main_iPhone.storyboard in Resources */ = {isa = PBXBuildFile; fileRef = 19E05D2119043FB0005275DD /* Main_iPhone.storyboard */; };
		19E05D2619043FB0005275DD /* Main_iPad.storyboard in Resources */ = {isa = PBXBuildFile; fileRef = 19E05D2419043FB0005275DD /* Main_iPad.storyboard */; };
		19E05D2919043FB0005275DD /* PBViewController.m in Sources */ = {isa = PBXBuildFile; fileRef = 19E05D2819043FB0005275DD /* PBViewController.m */; };
		19E05D2B19043FB0005275DD /* Images.xcassets in Resources */ = {isa = PBXBuildFile; fileRef = 19E05D2A19043FB0005275DD /* Images.xcassets */; };
		19E05D3219043FB0005275DD /* XCTest.framework in Frameworks */ = {isa = PBXBuildFile; fileRef = 19E05D3119043FB0005275DD /* XCTest.framework */; };
		19E05D3319043FB0005275DD /* Foundation.framework in Frameworks */ = {isa = PBXBuildFile; fileRef = 19E05D0F19043FB0005275DD /* Foundation.framework */; };
		19E05D3419043FB0005275DD /* UIKit.framework in Frameworks */ = {isa = PBXBuildFile; fileRef = 19E05D1319043FB0005275DD /* UIKit.framework */; };
		19E05D3C19043FB0005275DD /* InfoPlist.strings in Resources */ = {isa = PBXBuildFile; fileRef = 19E05D3A19043FB0005275DD /* InfoPlist.strings */; };
		19E05D3E19043FB0005275DD /* PinBinTests.m in Sources */ = {isa = PBXBuildFile; fileRef = 19E05D3D19043FB0005275DD /* PinBinTests.m */; };
		19E05D4919044024005275DD /* PBLocationManager.m in Sources */ = {isa = PBXBuildFile; fileRef = 19E05D4819044024005275DD /* PBLocationManager.m */; };
/* End PBXBuildFile section */

/* Begin PBXContainerItemProxy section */
		19E05D3519043FB0005275DD /* PBXContainerItemProxy */ = {
			isa = PBXContainerItemProxy;
			containerPortal = 19E05D0419043FB0005275DD /* Project object */;
			proxyType = 1;
			remoteGlobalIDString = 19E05D0B19043FB0005275DD;
			remoteInfo = PinBin;
		};
/* End PBXContainerItemProxy section */

/* Begin PBXFileReference section */
		19E05D0C19043FB0005275DD /* PinBin.app */ = {isa = PBXFileReference; explicitFileType = wrapper.application; includeInIndex = 0; path = PinBin.app; sourceTree = BUILT_PRODUCTS_DIR; };
		19E05D0F19043FB0005275DD /* Foundation.framework */ = {isa = PBXFileReference; lastKnownFileType = wrapper.framework; name = Foundation.framework; path = System/Library/Frameworks/Foundation.framework; sourceTree = SDKROOT; };
		19E05D1119043FB0005275DD /* CoreGraphics.framework */ = {isa = PBXFileReference; lastKnownFileType = wrapper.framework; name = CoreGraphics.framework; path = System/Library/Frameworks/CoreGraphics.framework; sourceTree = SDKROOT; };
		19E05D1319043FB0005275DD /* UIKit.framework */ = {isa = PBXFileReference; lastKnownFileType = wrapper.framework; name = UIKit.framework; path = System/Library/Frameworks/UIKit.framework; sourceTree = SDKROOT; };
		19E05D1719043FB0005275DD /* PinBin-Info.plist */ = {isa = PBXFileReference; lastKnownFileType = text.plist.xml; path = "PinBin-Info.plist"; sourceTree = "<group>"; };
		19E05D1919043FB0005275DD /* en */ = {isa = PBXFileReference; lastKnownFileType = text.plist.strings; name = en; path = en.lproj/InfoPlist.strings; sourceTree = "<group>"; };
		19E05D1B19043FB0005275DD /* main.m */ = {isa = PBXFileReference; lastKnownFileType = sourcecode.c.objc; path = main.m; sourceTree = "<group>"; };
		19E05D1D19043FB0005275DD /* PinBin-Prefix.pch */ = {isa = PBXFileReference; lastKnownFileType = sourcecode.c.h; path = "PinBin-Prefix.pch"; sourceTree = "<group>"; };
		19E05D1E19043FB0005275DD /* PBAppDelegate.h */ = {isa = PBXFileReference; lastKnownFileType = sourcecode.c.h; path = PBAppDelegate.h; sourceTree = "<group>"; };
		19E05D1F19043FB0005275DD /* PBAppDelegate.m */ = {isa = PBXFileReference; lastKnownFileType = sourcecode.c.objc; path = PBAppDelegate.m; sourceTree = "<group>"; };
		19E05D2219043FB0005275DD /* Base */ = {isa = PBXFileReference; lastKnownFileType = file.storyboard; name = Base; path = Base.lproj/Main_iPhone.storyboard; sourceTree = "<group>"; };
		19E05D2519043FB0005275DD /* Base */ = {isa = PBXFileReference; lastKnownFileType = file.storyboard; name = Base; path = Base.lproj/Main_iPad.storyboard; sourceTree = "<group>"; };
		19E05D2719043FB0005275DD /* PBViewController.h */ = {isa = PBXFileReference; lastKnownFileType = sourcecode.c.h; path = PBViewController.h; sourceTree = "<group>"; };
		19E05D2819043FB0005275DD /* PBViewController.m */ = {isa = PBXFileReference; lastKnownFileType = sourcecode.c.objc; path = PBViewController.m; sourceTree = "<group>"; };
		19E05D2A19043FB0005275DD /* Images.xcassets */ = {isa = PBXFileReference; lastKnownFileType = folder.assetcatalog; path = Images.xcassets; sourceTree = "<group>"; };
		19E05D3019043FB0005275DD /* PinBinTests.xctest */ = {isa = PBXFileReference; explicitFileType = wrapper.cfbundle; includeInIndex = 0; path = PinBinTests.xctest; sourceTree = BUILT_PRODUCTS_DIR; };
		19E05D3119043FB0005275DD /* XCTest.framework */ = {isa = PBXFileReference; lastKnownFileType = wrapper.framework; name = XCTest.framework; path = Library/Frameworks/XCTest.framework; sourceTree = DEVELOPER_DIR; };
		19E05D3919043FB0005275DD /* PinBinTests-Info.plist */ = {isa = PBXFileReference; lastKnownFileType = text.plist.xml; path = "PinBinTests-Info.plist"; sourceTree = "<group>"; };
		19E05D3B19043FB0005275DD /* en */ = {isa = PBXFileReference; lastKnownFileType = text.plist.strings; name = en; path = en.lproj/InfoPlist.strings; sourceTree = "<group>"; };
		19E05D3D19043FB0005275DD /* PinBinTests.m */ = {isa = PBXFileReference; lastKnownFileType = sourcecode.c.objc; path = PinBinTests.m; sourceTree = "<group>"; };
		19E05D4719044024005275DD /* PBLocationManager.h */ = {isa = PBXFileReference; fileEncoding = 4; lastKnownFileType = sourcecode.c.h; path = PBLocationManager.h; sourceTree = "<group>"; };
		19E05D4819044024005275DD /* PBLocationManager.m */ = {isa = PBXFileReference; fileEncoding = 4; lastKnownFileType = sourcecode.c.objc; path = PBLocationManager.m; sourceTree = "<group>"; };
		19E05D4A190441E4005275DD /* PBConfig.h */ = {isa = PBXFileReference; fileEncoding = 4; lastKnownFileType = sourcecode.c.h; path = PBConfig.h; sourceTree = "<group>"; };
/* End PBXFileReference section */

/* Begin PBXFrameworksBuildPhase section */
		19E05D0919043FB0005275DD /* Frameworks */ = {
			isa = PBXFrameworksBuildPhase;
			buildActionMask = 2147483647;
			files = (
				19E05D1219043FB0005275DD /* CoreGraphics.framework in Frameworks */,
				19E05D1419043FB0005275DD /* UIKit.framework in Frameworks */,
				19E05D1019043FB0005275DD /* Foundation.framework in Frameworks */,
			);
			runOnlyForDeploymentPostprocessing = 0;
		};
		19E05D2D19043FB0005275DD /* Frameworks */ = {
			isa = PBXFrameworksBuildPhase;
			buildActionMask = 2147483647;
			files = (
				19E05D3219043FB0005275DD /* XCTest.framework in Frameworks */,
				19E05D3419043FB0005275DD /* UIKit.framework in Frameworks */,
				19E05D3319043FB0005275DD /* Foundation.framework in Frameworks */,
			);
			runOnlyForDeploymentPostprocessing = 0;
		};
/* End PBXFrameworksBuildPhase section */

/* Begin PBXGroup section */
		19E05D0319043FB0005275DD = {
			isa = PBXGroup;
			children = (
				19E05D1519043FB0005275DD /* PinBin */,
				19E05D3719043FB0005275DD /* PinBinTests */,
				19E05D0E19043FB0005275DD /* Frameworks */,
				19E05D0D19043FB0005275DD /* Products */,
			);
			sourceTree = "<group>";
		};
		19E05D0D19043FB0005275DD /* Products */ = {
			isa = PBXGroup;
			children = (
				19E05D0C19043FB0005275DD /* PinBin.app */,
				19E05D3019043FB0005275DD /* PinBinTests.xctest */,
			);
			name = Products;
			sourceTree = "<group>";
		};
		19E05D0E19043FB0005275DD /* Frameworks */ = {
			isa = PBXGroup;
			children = (
				19E05D0F19043FB0005275DD /* Foundation.framework */,
				19E05D1119043FB0005275DD /* CoreGraphics.framework */,
				19E05D1319043FB0005275DD /* UIKit.framework */,
				19E05D3119043FB0005275DD /* XCTest.framework */,
			);
			name = Frameworks;
			sourceTree = "<group>";
		};
		19E05D1519043FB0005275DD /* PinBin */ = {
			isa = PBXGroup;
			children = (
				19E05D1E19043FB0005275DD /* PBAppDelegate.h */,
				19E05D1F19043FB0005275DD /* PBAppDelegate.m */,
				19E05D2119043FB0005275DD /* Main_iPhone.storyboard */,
				19E05D2419043FB0005275DD /* Main_iPad.storyboard */,
				19E05D2719043FB0005275DD /* PBViewController.h */,
				19E05D2819043FB0005275DD /* PBViewController.m */,
				19E05D4719044024005275DD /* PBLocationManager.h */,
				19E05D4819044024005275DD /* PBLocationManager.m */,
				19E05D2A19043FB0005275DD /* Images.xcassets */,
				19E05D1619043FB0005275DD /* Supporting Files */,
				19E05D4A190441E4005275DD /* PBConfig.h */,
			);
			path = PinBin;
			sourceTree = "<group>";
		};
		19E05D1619043FB0005275DD /* Supporting Files */ = {
			isa = PBXGroup;
			children = (
				19E05D1719043FB0005275DD /* PinBin-Info.plist */,
				19E05D1819043FB0005275DD /* InfoPlist.strings */,
				19E05D1B19043FB0005275DD /* main.m */,
				19E05D1D19043FB0005275DD /* PinBin-Prefix.pch */,
			);
			name = "Supporting Files";
			sourceTree = "<group>";
		};
		19E05D3719043FB0005275DD /* PinBinTests */ = {
			isa = PBXGroup;
			children = (
				19E05D3D19043FB0005275DD /* PinBinTests.m */,
				19E05D3819043FB0005275DD /* Supporting Files */,
			);
			path = PinBinTests;
			sourceTree = "<group>";
		};
		19E05D3819043FB0005275DD /* Supporting Files */ = {
			isa = PBXGroup;
			children = (
				19E05D3919043FB0005275DD /* PinBinTests-Info.plist */,
				19E05D3A19043FB0005275DD /* InfoPlist.strings */,
			);
			name = "Supporting Files";
			sourceTree = "<group>";
		};
/* End PBXGroup section */

/* Begin PBXNativeTarget section */
		19E05D0B19043FB0005275DD /* PinBin */ = {
			isa = PBXNativeTarget;
			buildConfigurationList = 19E05D4119043FB0005275DD /* Build configuration list for PBXNativeTarget "PinBin" */;
			buildPhases = (
				19E05D0819043FB0005275DD /* Sources */,
				19E05D0919043FB0005275DD /* Frameworks */,
				19E05D0A19043FB0005275DD /* Resources */,
			);
			buildRules = (
			);
			dependencies = (
			);
			name = PinBin;
			productName = PinBin;
			productReference = 19E05D0C19043FB0005275DD /* PinBin.app */;
			productType = "com.apple.product-type.application";
		};
		19E05D2F19043FB0005275DD /* PinBinTests */ = {
			isa = PBXNativeTarget;
			buildConfigurationList = 19E05D4419043FB0005275DD /* Build configuration list for PBXNativeTarget "PinBinTests" */;
			buildPhases = (
				19E05D2C19043FB0005275DD /* Sources */,
				19E05D2D19043FB0005275DD /* Frameworks */,
				19E05D2E19043FB0005275DD /* Resources */,
			);
			buildRules = (
			);
			dependencies = (
				19E05D3619043FB0005275DD /* PBXTargetDependency */,
			);
			name = PinBinTests;
			productName = PinBinTests;
			productReference = 19E05D3019043FB0005275DD /* PinBinTests.xctest */;
			productType = "com.apple.product-type.bundle.unit-test";
		};
/* End PBXNativeTarget section */

/* Begin PBXProject section */
		19E05D0419043FB0005275DD /* Project object */ = {
			isa = PBXProject;
			attributes = {
				CLASSPREFIX = PB;
				LastUpgradeCheck = 0510;
				ORGANIZATIONNAME = "Hung Truong";
				TargetAttributes = {
					19E05D0B19043FB0005275DD = {
						SystemCapabilities = {
							com.apple.BackgroundModes = {
								enabled = 1;
							};
						};
					};
					19E05D2F19043FB0005275DD = {
						TestTargetID = 19E05D0B19043FB0005275DD;
					};
				};
			};
			buildConfigurationList = 19E05D0719043FB0005275DD /* Build configuration list for PBXProject "PinBin" */;
			compatibilityVersion = "Xcode 3.2";
			developmentRegion = English;
			hasScannedForEncodings = 0;
			knownRegions = (
				en,
				Base,
			);
			mainGroup = 19E05D0319043FB0005275DD;
			productRefGroup = 19E05D0D19043FB0005275DD /* Products */;
			projectDirPath = "";
			projectRoot = "";
			targets = (
				19E05D0B19043FB0005275DD /* PinBin */,
				19E05D2F19043FB0005275DD /* PinBinTests */,
			);
		};
/* End PBXProject section */

/* Begin PBXResourcesBuildPhase section */
		19E05D0A19043FB0005275DD /* Resources */ = {
			isa = PBXResourcesBuildPhase;
			buildActionMask = 2147483647;
			files = (
				19E05D2619043FB0005275DD /* Main_iPad.storyboard in Resources */,
				19E05D2B19043FB0005275DD /* Images.xcassets in Resources */,
				19E05D2319043FB0005275DD /* Main_iPhone.storyboard in Resources */,
				19E05D1A19043FB0005275DD /* InfoPlist.strings in Resources */,
			);
			runOnlyForDeploymentPostprocessing = 0;
		};
		19E05D2E19043FB0005275DD /* Resources */ = {
			isa = PBXResourcesBuildPhase;
			buildActionMask = 2147483647;
			files = (
				19E05D3C19043FB0005275DD /* InfoPlist.strings in Resources */,
			);
			runOnlyForDeploymentPostprocessing = 0;
		};
/* End PBXResourcesBuildPhase section */

/* Begin PBXSourcesBuildPhase section */
		19E05D0819043FB0005275DD /* Sources */ = {
			isa = PBXSourcesBuildPhase;
			buildActionMask = 2147483647;
			files = (
				19E05D4919044024005275DD /* PBLocationManager.m in Sources */,
				19E05D2019043FB0005275DD /* PBAppDelegate.m in Sources */,
				19E05D2919043FB0005275DD /* PBViewController.m in Sources */,
				19E05D1C19043FB0005275DD /* main.m in Sources */,
			);
			runOnlyForDeploymentPostprocessing = 0;
		};
		19E05D2C19043FB0005275DD /* Sources */ = {
			isa = PBXSourcesBuildPhase;
			buildActionMask = 2147483647;
			files = (
				19E05D3E19043FB0005275DD /* PinBinTests.m in Sources */,
			);
			runOnlyForDeploymentPostprocessing = 0;
		};
/* End PBXSourcesBuildPhase section */

/* Begin PBXTargetDependency section */
		19E05D3619043FB0005275DD /* PBXTargetDependency */ = {
			isa = PBXTargetDependency;
			target = 19E05D0B19043FB0005275DD /* PinBin */;
			targetProxy = 19E05D3519043FB0005275DD /* PBXContainerItemProxy */;
		};
/* End PBXTargetDependency section */

/* Begin PBXVariantGroup section */
		19E05D1819043FB0005275DD /* InfoPlist.strings */ = {
			isa = PBXVariantGroup;
			children = (
				19E05D1919043FB0005275DD /* en */,
			);
			name = InfoPlist.strings;
			sourceTree = "<group>";
		};
		19E05D2119043FB0005275DD /* Main_iPhone.storyboard */ = {
			isa = PBXVariantGroup;
			children = (
				19E05D2219043FB0005275DD /* Base */,
			);
			name = Main_iPhone.storyboard;
			sourceTree = "<group>";
		};
		19E05D2419043FB0005275DD /* Main_iPad.storyboard */ = {
			isa = PBXVariantGroup;
			children = (
				19E05D2519043FB0005275DD /* Base */,
			);
			name = Main_iPad.storyboard;
			sourceTree = "<group>";
		};
		19E05D3A19043FB0005275DD /* InfoPlist.strings */ = {
			isa = PBXVariantGroup;
			children = (
				19E05D3B19043FB0005275DD /* en */,
			);
			name = InfoPlist.strings;
			sourceTree = "<group>";
		};
/* End PBXVariantGroup section */

/* Begin XCBuildConfiguration section */
		19E05D3F19043FB0005275DD /* Debug */ = {
			isa = XCBuildConfiguration;
			buildSettings = {
				ALWAYS_SEARCH_USER_PATHS = NO;
				CLANG_CXX_LANGUAGE_STANDARD = "gnu++0x";
				CLANG_CXX_LIBRARY = "libc++";
				CLANG_ENABLE_MODULES = YES;
				CLANG_ENABLE_OBJC_ARC = YES;
				CLANG_WARN_BOOL_CONVERSION = YES;
				CLANG_WARN_CONSTANT_CONVERSION = YES;
				CLANG_WARN_DIRECT_OBJC_ISA_USAGE = YES_ERROR;
				CLANG_WARN_EMPTY_BODY = YES;
				CLANG_WARN_ENUM_CONVERSION = YES;
				CLANG_WARN_INT_CONVERSION = YES;
				CLANG_WARN_OBJC_ROOT_CLASS = YES_ERROR;
				CLANG_WARN__DUPLICATE_METHOD_MATCH = YES;
				"CODE_SIGN_IDENTITY[sdk=iphoneos*]" = "iPhone Developer";
				COPY_PHASE_STRIP = NO;
				GCC_C_LANGUAGE_STANDARD = gnu99;
				GCC_DYNAMIC_NO_PIC = NO;
				GCC_OPTIMIZATION_LEVEL = 0;
				GCC_PREPROCESSOR_DEFINITIONS = (
					"DEBUG=1",
					"$(inherited)",
				);
				GCC_SYMBOLS_PRIVATE_EXTERN = NO;
				GCC_WARN_64_TO_32_BIT_CONVERSION = YES;
				GCC_WARN_ABOUT_RETURN_TYPE = YES_ERROR;
				GCC_WARN_UNDECLARED_SELECTOR = YES;
				GCC_WARN_UNINITIALIZED_AUTOS = YES_AGGRESSIVE;
				GCC_WARN_UNUSED_FUNCTION = YES;
				GCC_WARN_UNUSED_VARIABLE = YES;
				IPHONEOS_DEPLOYMENT_TARGET = 7.1;
				ONLY_ACTIVE_ARCH = YES;
				SDKROOT = iphoneos;
				TARGETED_DEVICE_FAMILY = "1,2";
			};
			name = Debug;
		};
		19E05D4019043FB0005275DD /* Release */ = {
			isa = XCBuildConfiguration;
			buildSettings = {
				ALWAYS_SEARCH_USER_PATHS = NO;
				CLANG_CXX_LANGUAGE_STANDARD = "gnu++0x";
				CLANG_CXX_LIBRARY = "libc++";
				CLANG_ENABLE_MODULES = YES;
				CLANG_ENABLE_OBJC_ARC = YES;
				CLANG_WARN_BOOL_CONVERSION = YES;
				CLANG_WARN_CONSTANT_CONVERSION = YES;
				CLANG_WARN_DIRECT_OBJC_ISA_USAGE = YES_ERROR;
				CLANG_WARN_EMPTY_BODY = YES;
				CLANG_WARN_ENUM_CONVERSION = YES;
				CLANG_WARN_INT_CONVERSION = YES;
				CLANG_WARN_OBJC_ROOT_CLASS = YES_ERROR;
				CLANG_WARN__DUPLICATE_METHOD_MATCH = YES;
				"CODE_SIGN_IDENTITY[sdk=iphoneos*]" = "iPhone Developer";
				COPY_PHASE_STRIP = YES;
				ENABLE_NS_ASSERTIONS = NO;
				GCC_C_LANGUAGE_STANDARD = gnu99;
				GCC_WARN_64_TO_32_BIT_CONVERSION = YES;
				GCC_WARN_ABOUT_RETURN_TYPE = YES_ERROR;
				GCC_WARN_UNDECLARED_SELECTOR = YES;
				GCC_WARN_UNINITIALIZED_AUTOS = YES_AGGRESSIVE;
				GCC_WARN_UNUSED_FUNCTION = YES;
				GCC_WARN_UNUSED_VARIABLE = YES;
				IPHONEOS_DEPLOYMENT_TARGET = 7.1;
				SDKROOT = iphoneos;
				TARGETED_DEVICE_FAMILY = "1,2";
				VALIDATE_PRODUCT = YES;
			};
			name = Release;
		};
		19E05D4219043FB0005275DD /* Debug */ = {
			isa = XCBuildConfiguration;
			buildSettings = {
				ASSETCATALOG_COMPILER_APPICON_NAME = AppIcon;
				ASSETCATALOG_COMPILER_LAUNCHIMAGE_NAME = LaunchImage;
				GCC_PRECOMPILE_PREFIX_HEADER = YES;
				GCC_PREFIX_HEADER = "PinBin/PinBin-Prefix.pch";
				INFOPLIST_FILE = "PinBin/PinBin-Info.plist";
				PRODUCT_NAME = "$(TARGET_NAME)";
				WRAPPER_EXTENSION = app;
			};
			name = Debug;
		};
		19E05D4319043FB0005275DD /* Release */ = {
			isa = XCBuildConfiguration;
			buildSettings = {
				ASSETCATALOG_COMPILER_APPICON_NAME = AppIcon;
				ASSETCATALOG_COMPILER_LAUNCHIMAGE_NAME = LaunchImage;
				GCC_PRECOMPILE_PREFIX_HEADER = YES;
				GCC_PREFIX_HEADER = "PinBin/PinBin-Prefix.pch";
				INFOPLIST_FILE = "PinBin/PinBin-Info.plist";
				PRODUCT_NAME = "$(TARGET_NAME)";
				WRAPPER_EXTENSION = app;
			};
			name = Release;
		};
		19E05D4519043FB0005275DD /* Debug */ = {
			isa = XCBuildConfiguration;
			buildSettings = {
				BUNDLE_LOADER = "$(BUILT_PRODUCTS_DIR)/PinBin.app/PinBin";
				FRAMEWORK_SEARCH_PATHS = (
					"$(SDKROOT)/Developer/Library/Frameworks",
					"$(inherited)",
					"$(DEVELOPER_FRAMEWORKS_DIR)",
				);
				GCC_PRECOMPILE_PREFIX_HEADER = YES;
				GCC_PREFIX_HEADER = "PinBin/PinBin-Prefix.pch";
				GCC_PREPROCESSOR_DEFINITIONS = (
					"DEBUG=1",
					"$(inherited)",
				);
				INFOPLIST_FILE = "PinBinTests/PinBinTests-Info.plist";
				PRODUCT_NAME = "$(TARGET_NAME)";
				TEST_HOST = "$(BUNDLE_LOADER)";
				WRAPPER_EXTENSION = xctest;
			};
			name = Debug;
		};
		19E05D4619043FB0005275DD /* Release */ = {
			isa = XCBuildConfiguration;
			buildSettings = {
				BUNDLE_LOADER = "$(BUILT_PRODUCTS_DIR)/PinBin.app/PinBin";
				FRAMEWORK_SEARCH_PATHS = (
					"$(SDKROOT)/Developer/Library/Frameworks",
					"$(inherited)",
					"$(DEVELOPER_FRAMEWORKS_DIR)",
				);
				GCC_PRECOMPILE_PREFIX_HEADER = YES;
				GCC_PREFIX_HEADER = "PinBin/PinBin-Prefix.pch";
				INFOPLIST_FILE = "PinBinTests/PinBinTests-Info.plist";
				PRODUCT_NAME = "$(TARGET_NAME)";
				TEST_HOST = "$(BUNDLE_LOADER)";
				WRAPPER_EXTENSION = xctest;
			};
			name = Release;
		};
/* End XCBuildConfiguration section */

/* Begin XCConfigurationList section */
		19E05D0719043FB0005275DD /* Build configuration list for PBXProject "PinBin" */ = {
			isa = XCConfigurationList;
			buildConfigurations = (
				19E05D3F19043FB0005275DD /* Debug */,
				19E05D4019043FB0005275DD /* Release */,
			);
			defaultConfigurationIsVisible = 0;
			defaultConfigurationName = Release;
		};
		19E05D4119043FB0005275DD /* Build configuration list for PBXNativeTarget "PinBin" */ = {
			isa = XCConfigurationList;
			buildConfigurations = (
				19E05D4219043FB0005275DD /* Debug */,
				19E05D4319043FB0005275DD /* Release */,
			);
			defaultConfigurationIsVisible = 0;
		};
		19E05D4419043FB0005275DD /* Build configuration list for PBXNativeTarget "PinBinTests" */ = {
			isa = XCConfigurationList;
			buildConfigurations = (
				19E05D4519043FB0005275DD /* Debug */,
				19E05D4619043FB0005275DD /* Release */,
			);
			defaultConfigurationIsVisible = 0;
		};
/* End XCConfigurationList section */
	};
	rootObject = 19E05D0419043FB0005275DD /* Project object */;
}
